// !$*UTF8*$!
{
	archiveVersion = 1;
	classes = {
	};
	objectVersion = 46;
	objects = {

/* Begin PBXBuildFile section */
		490D5F981C07EEE700867741 /* PingFanZhiLu.mp3 in Resources */ = {isa = PBXBuildFile; fileRef = 490D5F961C07EEE700867741 /* PingFanZhiLu.mp3 */; };
		490D5F991C07EEE700867741 /* XiaoQingGe.mp3 in Resources */ = {isa = PBXBuildFile; fileRef = 490D5F971C07EEE700867741 /* XiaoQingGe.mp3 */; };
		490D5F9C1C07F6DD00867741 /* songList.plist in Resources */ = {isa = PBXBuildFile; fileRef = 490D5F9B1C07F6DD00867741 /* songList.plist */; };
		4912C4CC1C06F114001B11EC /* AppDelegate.swift in Sources */ = {isa = PBXBuildFile; fileRef = 4912C4CB1C06F114001B11EC /* AppDelegate.swift */; };
		4912C4CE1C06F114001B11EC /* ViewController.swift in Sources */ = {isa = PBXBuildFile; fileRef = 4912C4CD1C06F114001B11EC /* ViewController.swift */; };
		4912C4D11C06F114001B11EC /* Main.storyboard in Resources */ = {isa = PBXBuildFile; fileRef = 4912C4CF1C06F114001B11EC /* Main.storyboard */; };
		4912C4D31C06F114001B11EC /* Assets.xcassets in Resources */ = {isa = PBXBuildFile; fileRef = 4912C4D21C06F114001B11EC /* Assets.xcassets */; };
		4912C4D61C06F114001B11EC /* LaunchScreen.storyboard in Resources */ = {isa = PBXBuildFile; fileRef = 4912C4D41C06F114001B11EC /* LaunchScreen.storyboard */; };
		4912C4DF1C06F17F001B11EC /* Little Hapiness.mp3 in Resources */ = {isa = PBXBuildFile; fileRef = 4912C4DE1C06F17F001B11EC /* Little Hapiness.mp3 */; };
/* End PBXBuildFile section */

/* Begin PBXFileReference section */
		490D5F961C07EEE700867741 /* PingFanZhiLu.mp3 */ = {isa = PBXFileReference; lastKnownFileType = audio.mp3; path = PingFanZhiLu.mp3; sourceTree = "<group>"; };
		490D5F971C07EEE700867741 /* XiaoQingGe.mp3 */ = {isa = PBXFileReference; lastKnownFileType = audio.mp3; path = XiaoQingGe.mp3; sourceTree = "<group>"; };
		490D5F9B1C07F6DD00867741 /* songList.plist */ = {isa = PBXFileReference; fileEncoding = 4; lastKnownFileType = text.plist.xml; path = songList.plist; sourceTree = "<group>"; };
		4912C4C81C06F114001B11EC /* melodyMusicPlayer.app */ = {isa = PBXFileReference; explicitFileType = wrapper.application; includeInIndex = 0; path = melodyMusicPlayer.app; sourceTree = BUILT_PRODUCTS_DIR; };
		4912C4CB1C06F114001B11EC /* AppDelegate.swift */ = {isa = PBXFileReference; lastKnownFileType = sourcecode.swift; path = AppDelegate.swift; sourceTree = "<group>"; };
		4912C4CD1C06F114001B11EC /* ViewController.swift */ = {isa = PBXFileReference; lastKnownFileType = sourcecode.swift; path = ViewController.swift; sourceTree = "<group>"; };
		4912C4D01C06F114001B11EC /* Base */ = {isa = PBXFileReference; lastKnownFileType = file.storyboard; name = Base; path = Base.lproj/Main.storyboard; sourceTree = "<group>"; };
		4912C4D21C06F114001B11EC /* Assets.xcassets */ = {isa = PBXFileReference; lastKnownFileType = folder.assetcatalog; path = Assets.xcassets; sourceTree = "<group>"; };
		4912C4D51C06F114001B11EC /* Base */ = {isa = PBXFileReference; lastKnownFileType = file.storyboard; name = Base; path = Base.lproj/LaunchScreen.storyboard; sourceTree = "<group>"; };
		4912C4D71C06F114001B11EC /* Info.plist */ = {isa = PBXFileReference; lastKnownFileType = text.plist.xml; path = Info.plist; sourceTree = "<group>"; };
		4912C4DE1C06F17F001B11EC /* Little Hapiness.mp3 */ = {isa = PBXFileReference; lastKnownFileType = audio.mp3; path = "Little Hapiness.mp3"; sourceTree = "<group>"; };
/* End PBXFileReference section */

/* Begin PBXFrameworksBuildPhase section */
		4912C4C51C06F114001B11EC /* Frameworks */ = {
			isa = PBXFrameworksBuildPhase;
			buildActionMask = 2147483647;
			files = (
			);
			runOnlyForDeploymentPostprocessing = 0;
		};
/* End PBXFrameworksBuildPhase section */

/* Begin PBXGroup section */
		4912C4BF1C06F114001B11EC = {
			isa = PBXGroup;
			children = (
				4912C4CA1C06F114001B11EC /* melodyMusicPlayer */,
				4912C4C91C06F114001B11EC /* Products */,
			);
			sourceTree = "<group>";
		};
		4912C4C91C06F114001B11EC /* Products */ = {
			isa = PBXGroup;
			children = (
				4912C4C81C06F114001B11EC /* melodyMusicPlayer.app */,
			);
			name = Products;
			sourceTree = "<group>";
		};
		4912C4CA1C06F114001B11EC /* melodyMusicPlayer */ = {
			isa = PBXGroup;
			children = (
				4912C4DD1C06F16C001B11EC /* Music */,
				4912C4CB1C06F114001B11EC /* AppDelegate.swift */,
				4912C4CD1C06F114001B11EC /* ViewController.swift */,
				4912C4CF1C06F114001B11EC /* Main.storyboard */,
				4912C4D21C06F114001B11EC /* Assets.xcassets */,
				4912C4D41C06F114001B11EC /* LaunchScreen.storyboard */,
				4912C4D71C06F114001B11EC /* Info.plist */,
			);
			path = melodyMusicPlayer;
			sourceTree = "<group>";
		};
		4912C4DD1C06F16C001B11EC /* Music */ = {
			isa = PBXGroup;
			children = (
				490D5F961C07EEE700867741 /* PingFanZhiLu.mp3 */,
				490D5F971C07EEE700867741 /* XiaoQingGe.mp3 */,
				4912C4DE1C06F17F001B11EC /* Little Hapiness.mp3 */,
				490D5F9B1C07F6DD00867741 /* songList.plist */,
			);
			name = Music;
			sourceTree = "<group>";
		};
/* End PBXGroup section */

/* Begin PBXNativeTarget section */
		4912C4C71C06F114001B11EC /* melodyMusicPlayer */ = {
			isa = PBXNativeTarget;
			buildConfigurationList = 4912C4DA1C06F114001B11EC /* Build configuration list for PBXNativeTarget "melodyMusicPlayer" */;
			buildPhases = (
				4912C4C41C06F114001B11EC /* Sources */,
				4912C4C51C06F114001B11EC /* Frameworks */,
				4912C4C61C06F114001B11EC /* Resources */,
			);
			buildRules = (
			);
			dependencies = (
			);
			name = melodyMusicPlayer;
			productName = melodyMusicPlayer;
			productReference = 4912C4C81C06F114001B11EC /* melodyMusicPlayer.app */;
			productType = "com.apple.product-type.application";
		};
/* End PBXNativeTarget section */

/* Begin PBXProject section */
		4912C4C01C06F114001B11EC /* Project object */ = {
			isa = PBXProject;
			attributes = {
				LastSwiftUpdateCheck = 0710;
				LastUpgradeCheck = 0710;
				ORGANIZATIONNAME = "Yiqi Wang";
				TargetAttributes = {
					4912C4C71C06F114001B11EC = {
						CreatedOnToolsVersion = 7.1.1;
					};
				};
			};
			buildConfigurationList = 4912C4C31C06F114001B11EC /* Build configuration list for PBXProject "melodyMusicPlayer" */;
			compatibilityVersion = "Xcode 3.2";
			developmentRegion = English;
			hasScannedForEncodings = 0;
			knownRegions = (
				en,
				Base,
			);
			mainGroup = 4912C4BF1C06F114001B11EC;
			productRefGroup = 4912C4C91C06F114001B11EC /* Products */;
			projectDirPath = "";
			projectRoot = "";
			targets = (
				4912C4C71C06F114001B11EC /* melodyMusicPlayer */,
			);
		};
/* End PBXProject section */

/* Begin PBXResourcesBuildPhase section */
		4912C4C61C06F114001B11EC /* Resources */ = {
			isa = PBXResourcesBuildPhase;
			buildActionMask = 2147483647;
			files = (
				4912C4D61C06F114001B11EC /* LaunchScreen.storyboard in Resources */,
				490D5F991C07EEE700867741 /* XiaoQingGe.mp3 in Resources */,
				4912C4D31C06F114001B11EC /* Assets.xcassets in Resources */,
				490D5F9C1C07F6DD00867741 /* songList.plist in Resources */,
				4912C4DF1C06F17F001B11EC /* Little Hapiness.mp3 in Resources */,
				4912C4D11C06F114001B11EC /* Main.storyboard in Resources */,
				490D5F981C07EEE700867741 /* PingFanZhiLu.mp3 in Resources */,
			);
			runOnlyForDeploymentPostprocessing = 0;
		};
/* End PBXResourcesBuildPhase section */

/* Begin PBXSourcesBuildPhase section */
		4912C4C41C06F114001B11EC /* Sources */ = {
			isa = PBXSourcesBuildPhase;
			buildActionMask = 2147483647;
			files = (
				4912C4CE1C06F114001B11EC /* ViewController.swift in Sources */,
				4912C4CC1C06F114001B11EC /* AppDelegate.swift in Sources */,
			);
			runOnlyForDeploymentPostprocessing = 0;
		};
/* End PBXSourcesBuildPhase section */

/* Begin PBXVariantGroup section */
		4912C4CF1C06F114001B11EC /* Main.storyboard */ = {
			isa = PBXVariantGroup;
			children = (
				4912C4D01C06F114001B11EC /* Base */,
			);
			name = Main.storyboard;
			sourceTree = "<group>";
		};
		4912C4D41C06F114001B11EC /* LaunchScreen.storyboard */ = {
			isa = PBXVariantGroup;
			children = (
				4912C4D51C06F114001B11EC /* Base */,
			);
			name = LaunchScreen.storyboard;
			sourceTree = "<group>";
		};
/* End PBXVariantGroup section */

/* Begin XCBuildConfiguration section */
		4912C4D81C06F114001B11EC /* Debug */ = {
			isa = XCBuildConfiguration;
			buildSettings = {
				ALWAYS_SEARCH_USER_PATHS = NO;
				CLANG_CXX_LANGUAGE_STANDARD = "gnu++0x";
				CLANG_CXX_LIBRARY = "libc++";
				CLANG_ENABLE_MODULES = YES;
				CLANG_ENABLE_OBJC_ARC = YES;
				CLANG_WARN_BOOL_CONVERSION = YES;
				CLANG_WARN_CONSTANT_CONVERSION = YES;
				CLANG_WARN_DIRECT_OBJC_ISA_USAGE = YES_ERROR;
				CLANG_WARN_EMPTY_BODY = YES;
				CLANG_WARN_ENUM_CONVERSION = YES;
				CLANG_WARN_INT_CONVERSION = YES;
				CLANG_WARN_OBJC_ROOT_CLASS = YES_ERROR;
				CLANG_WARN_UNREACHABLE_CODE = YES;
				CLANG_WARN__DUPLICATE_METHOD_MATCH = YES;
				"CODE_SIGN_IDENTITY[sdk=iphoneos*]" = "iPhone Developer";
				COPY_PHASE_STRIP = NO;
				DEBUG_INFORMATION_FORMAT = dwarf;
				ENABLE_STRICT_OBJC_MSGSEND = YES;
				ENABLE_TESTABILITY = YES;
				GCC_C_LANGUAGE_STANDARD = gnu99;
				GCC_DYNAMIC_NO_PIC = NO;
				GCC_NO_COMMON_BLOCKS = YES;
				GCC_OPTIMIZATION_LEVEL = 0;
				GCC_PREPROCESSOR_DEFINITIONS = (
					"DEBUG=1",
					"$(inherited)",
				);
				GCC_WARN_64_TO_32_BIT_CONVERSION = YES;
				GCC_WARN_ABOUT_RETURN_TYPE = YES_ERROR;
				GCC_WARN_UNDECLARED_SELECTOR = YES;
				GCC_WARN_UNINITIALIZED_AUTOS = YES_AGGRESSIVE;
				GCC_WARN_UNUSED_FUNCTION = YES;
				GCC_WARN_UNUSED_VARIABLE = YES;
				IPHONEOS_DEPLOYMENT_TARGET = 9.1;
				MTL_ENABLE_DEBUG_INFO = YES;
				ONLY_ACTIVE_ARCH = YES;
				SDKROOT = iphoneos;
				SWIFT_OPTIMIZATION_LEVEL = "-Onone";
			};
			name = Debug;
		};
		4912C4D91C06F114001B11EC /* Release */ = {
			isa = XCBuildConfiguration;
			buildSettings = {
				ALWAYS_SEARCH_USER_PATHS = NO;
				CLANG_CXX_LANGUAGE_STANDARD = "gnu++0x";
				CLANG_CXX_LIBRARY = "libc++";
				CLANG_ENABLE_MODULES = YES;
				CLANG_ENABLE_OBJC_ARC = YES;
				CLANG_WARN_BOOL_CONVERSION = YES;
				CLANG_WARN_CONSTANT_CONVERSION = YES;
				CLANG_WARN_DIRECT_OBJC_ISA_USAGE = YES_ERROR;
				CLANG_WARN_EMPTY_BODY = YES;
				CLANG_WARN_ENUM_CONVERSION = YES;
				CLANG_WARN_INT_CONVERSION = YES;
				CLANG_WARN_OBJC_ROOT_CLASS = YES_ERROR;
				CLANG_WARN_UNREACHABLE_CODE = YES;
				CLANG_WARN__DUPLICATE_METHOD_MATCH = YES;
				"CODE_SIGN_IDENTITY[sdk=iphoneos*]" = "iPhone Developer";
				COPY_PHASE_STRIP = NO;
				DEBUG_INFORMATION_FORMAT = "dwarf-with-dsym";
				ENABLE_NS_ASSERTIONS = NO;
				ENABLE_STRICT_OBJC_MSGSEND = YES;
				GCC_C_LANGUAGE_STANDARD = gnu99;
				GCC_NO_COMMON_BLOCKS = YES;
				GCC_WARN_64_TO_32_BIT_CONVERSION = YES;
				GCC_WARN_ABOUT_RETURN_TYPE = YES_ERROR;
				GCC_WARN_UNDECLARED_SELECTOR = YES;
				GCC_WARN_UNINITIALIZED_AUTOS = YES_AGGRESSIVE;
				GCC_WARN_UNUSED_FUNCTION = YES;
				GCC_WARN_UNUSED_VARIABLE = YES;
				IPHONEOS_DEPLOYMENT_TARGET = 9.1;
				MTL_ENABLE_DEBUG_INFO = NO;
				SDKROOT = iphoneos;
				VALIDATE_PRODUCT = YES;
			};
			name = Release;
		};
		4912C4DB1C06F114001B11EC /* Debug */ = {
			isa = XCBuildConfiguration;
			buildSettings = {
				ASSETCATALOG_COMPILER_APPICON_NAME = AppIcon;
				INFOPLIST_FILE = melodyMusicPlayer/Info.plist;
				LD_RUNPATH_SEARCH_PATHS = "$(inherited) @executable_path/Frameworks";
				PRODUCT_BUNDLE_IDENTIFIER = com.melody..melodyMusicPlayer;
				PRODUCT_NAME = "$(TARGET_NAME)";
			};
			name = Debug;
		};
		4912C4DC1C06F114001B11EC /* Release */ = {
			isa = XCBuildConfiguration;
			buildSettings = {
				ASSETCATALOG_COMPILER_APPICON_NAME = AppIcon;
				INFOPLIST_FILE = melodyMusicPlayer/Info.plist;
				LD_RUNPATH_SEARCH_PATHS = "$(inherited) @executable_path/Frameworks";
				PRODUCT_BUNDLE_IDENTIFIER = com.melody..melodyMusicPlayer;
				PRODUCT_NAME = "$(TARGET_NAME)";
			};
			name = Release;
		};
/* End XCBuildConfiguration section */

/* Begin XCConfigurationList section */
		4912C4C31C06F114001B11EC /* Build configuration list for PBXProject "melodyMusicPlayer" */ = {
			isa = XCConfigurationList;
			buildConfigurations = (
				4912C4D81C06F114001B11EC /* Debug */,
				4912C4D91C06F114001B11EC /* Release */,
			);
			defaultConfigurationIsVisible = 0;
			defaultConfigurationName = Release;
		};
		4912C4DA1C06F114001B11EC /* Build configuration list for PBXNativeTarget "melodyMusicPlayer" */ = {
			isa = XCConfigurationList;
			buildConfigurations = (
				4912C4DB1C06F114001B11EC /* Debug */,
				4912C4DC1C06F114001B11EC /* Release */,
			);
			defaultConfigurationIsVisible = 0;
			defaultConfigurationName = Release;
		};
/* End XCConfigurationList section */
	};
	rootObject = 4912C4C01C06F114001B11EC /* Project object */;
}
